
Microsoft Visual Studio Solution File, Format Version 12.00
# Visual Studio Version 16
VisualStudioVersion = 16.0.30907.101
MinimumVisualStudioVersion = 10.0.40219.1
Project("{FAE04EC0-301F-11D3-BF4B-00C04F79EFBC}") = "PasswordCreator", "PasswordCreator.csproj", "{8DF0A35B-038F-4D18-BE64-0C0DC712EA75}"
EndProject
Global
	GlobalSection(SolutionConfigurationPlatforms) = preSolution
		Debug|Any CPU = Debug|Any CPU
		Release|Any CPU = Release|Any CPU
	EndGlobalSection
	GlobalSection(ProjectConfigurationPlatforms) = postSolution
		{8DF0A35B-038F-4D18-BE64-0C0DC712EA75}.Debug|Any CPU.ActiveCfg = Debug|Any CPU
		{8DF0A35B-038F-4D18-BE64-0C0DC712EA75}.Debug|Any CPU.Build.0 = Debug|Any CPU
		{8DF0A35B-038F-4D18-BE64-0C0DC712EA75}.Release|Any CPU.ActiveCfg = Release|Any CPU
		{8DF0A35B-038F-4D18-BE64-0C0DC712EA75}.Release|Any CPU.Build.0 = Release|Any CPU
	EndGlobalSection
	GlobalSection(SolutionProperties) = preSolution
		HideSolutionNode = FALSE
	EndGlobalSection
	GlobalSection(ExtensibilityGlobals) = postSolution
		SolutionGuid = {ED51B208-E490-4D54-B3AA-96AD250AC1D2}
	EndGlobalSection
EndGlobal
